
Microsoft Visual Studio Solution File, Format Version 12.00
# Visual Studio 15
VisualStudioVersion = 15.0.27130.2036
MinimumVisualStudioVersion = 10.0.40219.1
Project("{FAE04EC0-301F-11D3-BF4B-00C04F79EFBC}") = "ForeingKeyTest", "ForeingKeyTest\ForeingKeyTest.csproj", "{75DB3B8D-C6C0-4411-BCE3-F559F5DAD49A}"
EndProject
Global
	GlobalSection(SolutionConfigurationPlatforms) = preSolution
		Debug|Any CPU = Debug|Any CPU
		Release|Any CPU = Release|Any CPU
	EndGlobalSection
	GlobalSection(ProjectConfigurationPlatforms) = postSolution
		{75DB3B8D-C6C0-4411-BCE3-F559F5DAD49A}.Debug|Any CPU.ActiveCfg = Debug|Any CPU
		{75DB3B8D-C6C0-4411-BCE3-F559F5DAD49A}.Debug|Any CPU.Build.0 = Debug|Any CPU
		{75DB3B8D-C6C0-4411-BCE3-F559F5DAD49A}.Release|Any CPU.ActiveCfg = Release|Any CPU
		{75DB3B8D-C6C0-4411-BCE3-F559F5DAD49A}.Release|Any CPU.Build.0 = Release|Any CPU
	EndGlobalSection
	GlobalSection(SolutionProperties) = preSolution
		HideSolutionNode = FALSE
	EndGlobalSection
	GlobalSection(ExtensibilityGlobals) = postSolution
		SolutionGuid = {11ED9CD6-7E06-4D4B-884E-D0EF746DA2FE}
	EndGlobalSection
EndGlobal
